// !$*UTF8*$!
{
	archiveVersion = 1;
	classes = {
	};
	objectVersion = 51;
	objects = {

/* Begin PBXBuildFile section */
		4AADC95D82D47C4B41C4E373 /* Pods_SlokinTimer_SlokinTimerUITests.framework in Frameworks */ = {isa = PBXBuildFile; fileRef = 4CC5016025B4B284D2BF2B70 /* Pods_SlokinTimer_SlokinTimerUITests.framework */; };
		7738621963118E92AD42BF47 /* Pods_SlokinTimer.framework in Frameworks */ = {isa = PBXBuildFile; fileRef = 4092C271D7ED0CE2916AEE7F /* Pods_SlokinTimer.framework */; };
		A013B66BF9DD4603D77EFEE2 /* Pods_SlokinTimerTests.framework in Frameworks */ = {isa = PBXBuildFile; fileRef = 6F64FA9F60549A8B4F34440B /* Pods_SlokinTimerTests.framework */; };
		E53BD17426856B43007E3915 /* SlokinTimerApp.swift in Sources */ = {isa = PBXBuildFile; fileRef = E53BD17326856B43007E3915 /* SlokinTimerApp.swift */; };
		E53BD17626856B43007E3915 /* ContentView.swift in Sources */ = {isa = PBXBuildFile; fileRef = E53BD17526856B43007E3915 /* ContentView.swift */; };
		E53BD17826856B44007E3915 /* Assets.xcassets in Resources */ = {isa = PBXBuildFile; fileRef = E53BD17726856B44007E3915 /* Assets.xcassets */; };
		E53BD17B26856B44007E3915 /* Preview Assets.xcassets in Resources */ = {isa = PBXBuildFile; fileRef = E53BD17A26856B44007E3915 /* Preview Assets.xcassets */; };
		E53BD18626856B44007E3915 /* SlokinTimerTests.swift in Sources */ = {isa = PBXBuildFile; fileRef = E53BD18526856B44007E3915 /* SlokinTimerTests.swift */; };
		E53BD19126856B44007E3915 /* SlokinTimerUITests.swift in Sources */ = {isa = PBXBuildFile; fileRef = E53BD19026856B44007E3915 /* SlokinTimerUITests.swift */; };
		E53BD1A22685E1AD007E3915 /* TimeHolder.swift in Sources */ = {isa = PBXBuildFile; fileRef = E53BD1A12685E1AD007E3915 /* TimeHolder.swift */; };
		E5CFC2282688538F00F746D5 /* Footer.swift in Sources */ = {isa = PBXBuildFile; fileRef = E5CFC2272688538F00F746D5 /* Footer.swift */; };
		E5CFC2322688752200F746D5 /* TimerView.swift in Sources */ = {isa = PBXBuildFile; fileRef = E5CFC2312688752200F746D5 /* TimerView.swift */; };
/* End PBXBuildFile section */

/* Begin PBXContainerItemProxy section */
		E53BD18226856B44007E3915 /* PBXContainerItemProxy */ = {
			isa = PBXContainerItemProxy;
			containerPortal = E53BD16826856B43007E3915 /* Project object */;
			proxyType = 1;
			remoteGlobalIDString = E53BD16F26856B43007E3915;
			remoteInfo = SlokinTimer;
		};
		E53BD18D26856B44007E3915 /* PBXContainerItemProxy */ = {
			isa = PBXContainerItemProxy;
			containerPortal = E53BD16826856B43007E3915 /* Project object */;
			proxyType = 1;
			remoteGlobalIDString = E53BD16F26856B43007E3915;
			remoteInfo = SlokinTimer;
		};
/* End PBXContainerItemProxy section */

/* Begin PBXFileReference section */
		2072190127C5E3D7E473C30C /* Pods-SlokinTimerTests.release.xcconfig */ = {isa = PBXFileReference; includeInIndex = 1; lastKnownFileType = text.xcconfig; name = "Pods-SlokinTimerTests.release.xcconfig"; path = "Target Support Files/Pods-SlokinTimerTests/Pods-SlokinTimerTests.release.xcconfig"; sourceTree = "<group>"; };
		373BBC93AE967C16D5D5B6F7 /* Pods-SlokinTimerTests.debug.xcconfig */ = {isa = PBXFileReference; includeInIndex = 1; lastKnownFileType = text.xcconfig; name = "Pods-SlokinTimerTests.debug.xcconfig"; path = "Target Support Files/Pods-SlokinTimerTests/Pods-SlokinTimerTests.debug.xcconfig"; sourceTree = "<group>"; };
		4092C271D7ED0CE2916AEE7F /* Pods_SlokinTimer.framework */ = {isa = PBXFileReference; explicitFileType = wrapper.framework; includeInIndex = 0; path = Pods_SlokinTimer.framework; sourceTree = BUILT_PRODUCTS_DIR; };
		4370991C1A2B9B36C4D418A8 /* Pods-SlokinTimer-SlokinTimerUITests.release.xcconfig */ = {isa = PBXFileReference; includeInIndex = 1; lastKnownFileType = text.xcconfig; name = "Pods-SlokinTimer-SlokinTimerUITests.release.xcconfig"; path = "Target Support Files/Pods-SlokinTimer-SlokinTimerUITests/Pods-SlokinTimer-SlokinTimerUITests.release.xcconfig"; sourceTree = "<group>"; };
		4530BA6142E08CA3C15A7EBF /* Pods-SlokinTimer.release.xcconfig */ = {isa = PBXFileReference; includeInIndex = 1; lastKnownFileType = text.xcconfig; name = "Pods-SlokinTimer.release.xcconfig"; path = "Target Support Files/Pods-SlokinTimer/Pods-SlokinTimer.release.xcconfig"; sourceTree = "<group>"; };
		4CC5016025B4B284D2BF2B70 /* Pods_SlokinTimer_SlokinTimerUITests.framework */ = {isa = PBXFileReference; explicitFileType = wrapper.framework; includeInIndex = 0; path = Pods_SlokinTimer_SlokinTimerUITests.framework; sourceTree = BUILT_PRODUCTS_DIR; };
		6F64FA9F60549A8B4F34440B /* Pods_SlokinTimerTests.framework */ = {isa = PBXFileReference; explicitFileType = wrapper.framework; includeInIndex = 0; path = Pods_SlokinTimerTests.framework; sourceTree = BUILT_PRODUCTS_DIR; };
		95BA407F4D2E85A6A60E246A /* Pods-SlokinTimer-SlokinTimerUITests.debug.xcconfig */ = {isa = PBXFileReference; includeInIndex = 1; lastKnownFileType = text.xcconfig; name = "Pods-SlokinTimer-SlokinTimerUITests.debug.xcconfig"; path = "Target Support Files/Pods-SlokinTimer-SlokinTimerUITests/Pods-SlokinTimer-SlokinTimerUITests.debug.xcconfig"; sourceTree = "<group>"; };
		D10E93762254EFD296FCBEBB /* Pods-SlokinTimer.debug.xcconfig */ = {isa = PBXFileReference; includeInIndex = 1; lastKnownFileType = text.xcconfig; name = "Pods-SlokinTimer.debug.xcconfig"; path = "Target Support Files/Pods-SlokinTimer/Pods-SlokinTimer.debug.xcconfig"; sourceTree = "<group>"; };
		E53BD17026856B43007E3915 /* SlokinTimer.app */ = {isa = PBXFileReference; explicitFileType = wrapper.application; includeInIndex = 0; path = SlokinTimer.app; sourceTree = BUILT_PRODUCTS_DIR; };
		E53BD17326856B43007E3915 /* SlokinTimerApp.swift */ = {isa = PBXFileReference; lastKnownFileType = sourcecode.swift; path = SlokinTimerApp.swift; sourceTree = "<group>"; };
		E53BD17526856B43007E3915 /* ContentView.swift */ = {isa = PBXFileReference; lastKnownFileType = sourcecode.swift; path = ContentView.swift; sourceTree = "<group>"; };
		E53BD17726856B44007E3915 /* Assets.xcassets */ = {isa = PBXFileReference; lastKnownFileType = folder.assetcatalog; path = Assets.xcassets; sourceTree = "<group>"; };
		E53BD17A26856B44007E3915 /* Preview Assets.xcassets */ = {isa = PBXFileReference; lastKnownFileType = folder.assetcatalog; path = "Preview Assets.xcassets"; sourceTree = "<group>"; };
		E53BD17C26856B44007E3915 /* Info.plist */ = {isa = PBXFileReference; lastKnownFileType = text.plist.xml; path = Info.plist; sourceTree = "<group>"; };
		E53BD18126856B44007E3915 /* SlokinTimerTests.xctest */ = {isa = PBXFileReference; explicitFileType = wrapper.cfbundle; includeInIndex = 0; path = SlokinTimerTests.xctest; sourceTree = BUILT_PRODUCTS_DIR; };
		E53BD18526856B44007E3915 /* SlokinTimerTests.swift */ = {isa = PBXFileReference; lastKnownFileType = sourcecode.swift; path = SlokinTimerTests.swift; sourceTree = "<group>"; };
		E53BD18726856B44007E3915 /* Info.plist */ = {isa = PBXFileReference; lastKnownFileType = text.plist.xml; path = Info.plist; sourceTree = "<group>"; };
		E53BD18C26856B44007E3915 /* SlokinTimerUITests.xctest */ = {isa = PBXFileReference; explicitFileType = wrapper.cfbundle; includeInIndex = 0; path = SlokinTimerUITests.xctest; sourceTree = BUILT_PRODUCTS_DIR; };
		E53BD19026856B44007E3915 /* SlokinTimerUITests.swift */ = {isa = PBXFileReference; lastKnownFileType = sourcecode.swift; path = SlokinTimerUITests.swift; sourceTree = "<group>"; };
		E53BD19226856B44007E3915 /* Info.plist */ = {isa = PBXFileReference; lastKnownFileType = text.plist.xml; path = Info.plist; sourceTree = "<group>"; };
		E53BD1A12685E1AD007E3915 /* TimeHolder.swift */ = {isa = PBXFileReference; lastKnownFileType = sourcecode.swift; path = TimeHolder.swift; sourceTree = "<group>"; };
		E5CFC2272688538F00F746D5 /* Footer.swift */ = {isa = PBXFileReference; lastKnownFileType = sourcecode.swift; path = Footer.swift; sourceTree = "<group>"; };
		E5CFC2312688752200F746D5 /* TimerView.swift */ = {isa = PBXFileReference; lastKnownFileType = sourcecode.swift; path = TimerView.swift; sourceTree = "<group>"; };
/* End PBXFileReference section */

/* Begin PBXFrameworksBuildPhase section */
		E53BD16D26856B43007E3915 /* Frameworks */ = {
			isa = PBXFrameworksBuildPhase;
			buildActionMask = 2147483647;
			files = (
				7738621963118E92AD42BF47 /* Pods_SlokinTimer.framework in Frameworks */,
			);
			runOnlyForDeploymentPostprocessing = 0;
		};
		E53BD17E26856B44007E3915 /* Frameworks */ = {
			isa = PBXFrameworksBuildPhase;
			buildActionMask = 2147483647;
			files = (
				A013B66BF9DD4603D77EFEE2 /* Pods_SlokinTimerTests.framework in Frameworks */,
			);
			runOnlyForDeploymentPostprocessing = 0;
		};
		E53BD18926856B44007E3915 /* Frameworks */ = {
			isa = PBXFrameworksBuildPhase;
			buildActionMask = 2147483647;
			files = (
				4AADC95D82D47C4B41C4E373 /* Pods_SlokinTimer_SlokinTimerUITests.framework in Frameworks */,
			);
			runOnlyForDeploymentPostprocessing = 0;
		};
/* End PBXFrameworksBuildPhase section */

/* Begin PBXGroup section */
		300EEB9B9046C4CBFAE73E8E /* Frameworks */ = {
			isa = PBXGroup;
			children = (
				4092C271D7ED0CE2916AEE7F /* Pods_SlokinTimer.framework */,
				4CC5016025B4B284D2BF2B70 /* Pods_SlokinTimer_SlokinTimerUITests.framework */,
				6F64FA9F60549A8B4F34440B /* Pods_SlokinTimerTests.framework */,
			);
			name = Frameworks;
			sourceTree = "<group>";
		};
		DC636E7829A67DFFA9A38CF9 /* Pods */ = {
			isa = PBXGroup;
			children = (
				D10E93762254EFD296FCBEBB /* Pods-SlokinTimer.debug.xcconfig */,
				4530BA6142E08CA3C15A7EBF /* Pods-SlokinTimer.release.xcconfig */,
				95BA407F4D2E85A6A60E246A /* Pods-SlokinTimer-SlokinTimerUITests.debug.xcconfig */,
				4370991C1A2B9B36C4D418A8 /* Pods-SlokinTimer-SlokinTimerUITests.release.xcconfig */,
				373BBC93AE967C16D5D5B6F7 /* Pods-SlokinTimerTests.debug.xcconfig */,
				2072190127C5E3D7E473C30C /* Pods-SlokinTimerTests.release.xcconfig */,
			);
			path = Pods;
			sourceTree = "<group>";
		};
		E53BD16726856B43007E3915 = {
			isa = PBXGroup;
			children = (
				E53BD17226856B43007E3915 /* SlokinTimer */,
				E53BD18426856B44007E3915 /* SlokinTimerTests */,
				E53BD18F26856B44007E3915 /* SlokinTimerUITests */,
				E53BD17126856B43007E3915 /* Products */,
				DC636E7829A67DFFA9A38CF9 /* Pods */,
				300EEB9B9046C4CBFAE73E8E /* Frameworks */,
			);
			sourceTree = "<group>";
		};
		E53BD17126856B43007E3915 /* Products */ = {
			isa = PBXGroup;
			children = (
				E53BD17026856B43007E3915 /* SlokinTimer.app */,
				E53BD18126856B44007E3915 /* SlokinTimerTests.xctest */,
				E53BD18C26856B44007E3915 /* SlokinTimerUITests.xctest */,
			);
			name = Products;
			sourceTree = "<group>";
		};
		E53BD17226856B43007E3915 /* SlokinTimer */ = {
			isa = PBXGroup;
			children = (
				E53BD17326856B43007E3915 /* SlokinTimerApp.swift */,
				E53BD17526856B43007E3915 /* ContentView.swift */,
				E53BD17726856B44007E3915 /* Assets.xcassets */,
				E53BD17C26856B44007E3915 /* Info.plist */,
				E53BD17926856B44007E3915 /* Preview Content */,
				E53BD1A12685E1AD007E3915 /* TimeHolder.swift */,
				E5CFC2272688538F00F746D5 /* Footer.swift */,
				E5CFC2312688752200F746D5 /* TimerView.swift */,
			);
			path = SlokinTimer;
			sourceTree = "<group>";
		};
		E53BD17926856B44007E3915 /* Preview Content */ = {
			isa = PBXGroup;
			children = (
				E53BD17A26856B44007E3915 /* Preview Assets.xcassets */,
			);
			path = "Preview Content";
			sourceTree = "<group>";
		};
		E53BD18426856B44007E3915 /* SlokinTimerTests */ = {
			isa = PBXGroup;
			children = (
				E53BD18526856B44007E3915 /* SlokinTimerTests.swift */,
				E53BD18726856B44007E3915 /* Info.plist */,
			);
			path = SlokinTimerTests;
			sourceTree = "<group>";
		};
		E53BD18F26856B44007E3915 /* SlokinTimerUITests */ = {
			isa = PBXGroup;
			children = (
				E53BD19026856B44007E3915 /* SlokinTimerUITests.swift */,
				E53BD19226856B44007E3915 /* Info.plist */,
			);
			path = SlokinTimerUITests;
			sourceTree = "<group>";
		};
/* End PBXGroup section */

/* Begin PBXNativeTarget section */
		E53BD16F26856B43007E3915 /* SlokinTimer */ = {
			isa = PBXNativeTarget;
			buildConfigurationList = E53BD19526856B44007E3915 /* Build configuration list for PBXNativeTarget "SlokinTimer" */;
			buildPhases = (
				D5669A57CE835F8673C78DA4 /* [CP] Check Pods Manifest.lock */,
				E53BD16C26856B43007E3915 /* Sources */,
				E53BD16D26856B43007E3915 /* Frameworks */,
				E53BD16E26856B43007E3915 /* Resources */,
				EBF93F3D18CCF006F7AD20CF /* [CP] Embed Pods Frameworks */,
			);
			buildRules = (
			);
			dependencies = (
			);
			name = SlokinTimer;
			productName = SlokinTimer;
			productReference = E53BD17026856B43007E3915 /* SlokinTimer.app */;
			productType = "com.apple.product-type.application";
		};
		E53BD18026856B44007E3915 /* SlokinTimerTests */ = {
			isa = PBXNativeTarget;
			buildConfigurationList = E53BD19826856B44007E3915 /* Build configuration list for PBXNativeTarget "SlokinTimerTests" */;
			buildPhases = (
				E103D55D2EC38AB8399D49F4 /* [CP] Check Pods Manifest.lock */,
				E53BD17D26856B44007E3915 /* Sources */,
				E53BD17E26856B44007E3915 /* Frameworks */,
				E53BD17F26856B44007E3915 /* Resources */,
			);
			buildRules = (
			);
			dependencies = (
				E53BD18326856B44007E3915 /* PBXTargetDependency */,
			);
			name = SlokinTimerTests;
			productName = SlokinTimerTests;
			productReference = E53BD18126856B44007E3915 /* SlokinTimerTests.xctest */;
			productType = "com.apple.product-type.bundle.unit-test";
		};
		E53BD18B26856B44007E3915 /* SlokinTimerUITests */ = {
			isa = PBXNativeTarget;
			buildConfigurationList = E53BD19B26856B44007E3915 /* Build configuration list for PBXNativeTarget "SlokinTimerUITests" */;
			buildPhases = (
				0C829815B74D66AF18002313 /* [CP] Check Pods Manifest.lock */,
				E53BD18826856B44007E3915 /* Sources */,
				E53BD18926856B44007E3915 /* Frameworks */,
				E53BD18A26856B44007E3915 /* Resources */,
				609A4DFCA0F9938A1BFE5913 /* [CP] Embed Pods Frameworks */,
			);
			buildRules = (
			);
			dependencies = (
				E53BD18E26856B44007E3915 /* PBXTargetDependency */,
			);
			name = SlokinTimerUITests;
			productName = SlokinTimerUITests;
			productReference = E53BD18C26856B44007E3915 /* SlokinTimerUITests.xctest */;
			productType = "com.apple.product-type.bundle.ui-testing";
		};
/* End PBXNativeTarget section */

/* Begin PBXProject section */
		E53BD16826856B43007E3915 /* Project object */ = {
			isa = PBXProject;
			attributes = {
				LastSwiftUpdateCheck = 1240;
				LastUpgradeCheck = 1240;
				TargetAttributes = {
					E53BD16F26856B43007E3915 = {
						CreatedOnToolsVersion = 12.4;
					};
					E53BD18026856B44007E3915 = {
						CreatedOnToolsVersion = 12.4;
						TestTargetID = E53BD16F26856B43007E3915;
					};
					E53BD18B26856B44007E3915 = {
						CreatedOnToolsVersion = 12.4;
						TestTargetID = E53BD16F26856B43007E3915;
					};
				};
			};
			buildConfigurationList = E53BD16B26856B43007E3915 /* Build configuration list for PBXProject "SlokinTimer" */;
			compatibilityVersion = "Xcode 9.3";
			developmentRegion = en;
			hasScannedForEncodings = 0;
			knownRegions = (
				en,
				Base,
			);
			mainGroup = E53BD16726856B43007E3915;
			productRefGroup = E53BD17126856B43007E3915 /* Products */;
			projectDirPath = "";
			projectRoot = "";
			targets = (
				E53BD16F26856B43007E3915 /* SlokinTimer */,
				E53BD18026856B44007E3915 /* SlokinTimerTests */,
				E53BD18B26856B44007E3915 /* SlokinTimerUITests */,
			);
		};
/* End PBXProject section */

/* Begin PBXResourcesBuildPhase section */
		E53BD16E26856B43007E3915 /* Resources */ = {
			isa = PBXResourcesBuildPhase;
			buildActionMask = 2147483647;
			files = (
				E53BD17B26856B44007E3915 /* Preview Assets.xcassets in Resources */,
				E53BD17826856B44007E3915 /* Assets.xcassets in Resources */,
			);
			runOnlyForDeploymentPostprocessing = 0;
		};
		E53BD17F26856B44007E3915 /* Resources */ = {
			isa = PBXResourcesBuildPhase;
			buildActionMask = 2147483647;
			files = (
			);
			runOnlyForDeploymentPostprocessing = 0;
		};
		E53BD18A26856B44007E3915 /* Resources */ = {
			isa = PBXResourcesBuildPhase;
			buildActionMask = 2147483647;
			files = (
			);
			runOnlyForDeploymentPostprocessing = 0;
		};
/* End PBXResourcesBuildPhase section */

/* Begin PBXShellScriptBuildPhase section */
		0C829815B74D66AF18002313 /* [CP] Check Pods Manifest.lock */ = {
			isa = PBXShellScriptBuildPhase;
			buildActionMask = 2147483647;
			files = (
			);
			inputFileListPaths = (
			);
			inputPaths = (
				"${PODS_PODFILE_DIR_PATH}/Podfile.lock",
				"${PODS_ROOT}/Manifest.lock",
			);
			name = "[CP] Check Pods Manifest.lock";
			outputFileListPaths = (
			);
			outputPaths = (
				"$(DERIVED_FILE_DIR)/Pods-SlokinTimer-SlokinTimerUITests-checkManifestLockResult.txt",
			);
			runOnlyForDeploymentPostprocessing = 0;
			shellPath = /bin/sh;
			shellScript = "diff \"${PODS_PODFILE_DIR_PATH}/Podfile.lock\" \"${PODS_ROOT}/Manifest.lock\" > /dev/null\nif [ $? != 0 ] ; then\n    # print error to STDERR\n    echo \"error: The sandbox is not in sync with the Podfile.lock. Run 'pod install' or update your CocoaPods installation.\" >&2\n    exit 1\nfi\n# This output is used by Xcode 'outputs' to avoid re-running this script phase.\necho \"SUCCESS\" > \"${SCRIPT_OUTPUT_FILE_0}\"\n";
			showEnvVarsInLog = 0;
		};
		609A4DFCA0F9938A1BFE5913 /* [CP] Embed Pods Frameworks */ = {
			isa = PBXShellScriptBuildPhase;
			buildActionMask = 2147483647;
			files = (
			);
			inputFileListPaths = (
				"${PODS_ROOT}/Target Support Files/Pods-SlokinTimer-SlokinTimerUITests/Pods-SlokinTimer-SlokinTimerUITests-frameworks-${CONFIGURATION}-input-files.xcfilelist",
			);
			name = "[CP] Embed Pods Frameworks";
			outputFileListPaths = (
				"${PODS_ROOT}/Target Support Files/Pods-SlokinTimer-SlokinTimerUITests/Pods-SlokinTimer-SlokinTimerUITests-frameworks-${CONFIGURATION}-output-files.xcfilelist",
			);
			runOnlyForDeploymentPostprocessing = 0;
			shellPath = /bin/sh;
			shellScript = "\"${PODS_ROOT}/Target Support Files/Pods-SlokinTimer-SlokinTimerUITests/Pods-SlokinTimer-SlokinTimerUITests-frameworks.sh\"\n";
			showEnvVarsInLog = 0;
		};
		D5669A57CE835F8673C78DA4 /* [CP] Check Pods Manifest.lock */ = {
			isa = PBXShellScriptBuildPhase;
			buildActionMask = 2147483647;
			files = (
			);
			inputFileListPaths = (
			);
			inputPaths = (
				"${PODS_PODFILE_DIR_PATH}/Podfile.lock",
				"${PODS_ROOT}/Manifest.lock",
			);
			name = "[CP] Check Pods Manifest.lock";
			outputFileListPaths = (
			);
			outputPaths = (
				"$(DERIVED_FILE_DIR)/Pods-SlokinTimer-checkManifestLockResult.txt",
			);
			runOnlyForDeploymentPostprocessing = 0;
			shellPath = /bin/sh;
			shellScript = "diff \"${PODS_PODFILE_DIR_PATH}/Podfile.lock\" \"${PODS_ROOT}/Manifest.lock\" > /dev/null\nif [ $? != 0 ] ; then\n    # print error to STDERR\n    echo \"error: The sandbox is not in sync with the Podfile.lock. Run 'pod install' or update your CocoaPods installation.\" >&2\n    exit 1\nfi\n# This output is used by Xcode 'outputs' to avoid re-running this script phase.\necho \"SUCCESS\" > \"${SCRIPT_OUTPUT_FILE_0}\"\n";
			showEnvVarsInLog = 0;
		};
		E103D55D2EC38AB8399D49F4 /* [CP] Check Pods Manifest.lock */ = {
			isa = PBXShellScriptBuildPhase;
			buildActionMask = 2147483647;
			files = (
			);
			inputFileListPaths = (
			);
			inputPaths = (
				"${PODS_PODFILE_DIR_PATH}/Podfile.lock",
				"${PODS_ROOT}/Manifest.lock",
			);
			name = "[CP] Check Pods Manifest.lock";
			outputFileListPaths = (
			);
			outputPaths = (
				"$(DERIVED_FILE_DIR)/Pods-SlokinTimerTests-checkManifestLockResult.txt",
			);
			runOnlyForDeploymentPostprocessing = 0;
			shellPath = /bin/sh;
			shellScript = "diff \"${PODS_PODFILE_DIR_PATH}/Podfile.lock\" \"${PODS_ROOT}/Manifest.lock\" > /dev/null\nif [ $? != 0 ] ; then\n    # print error to STDERR\n    echo \"error: The sandbox is not in sync with the Podfile.lock. Run 'pod install' or update your CocoaPods installation.\" >&2\n    exit 1\nfi\n# This output is used by Xcode 'outputs' to avoid re-running this script phase.\necho \"SUCCESS\" > \"${SCRIPT_OUTPUT_FILE_0}\"\n";
			showEnvVarsInLog = 0;
		};
		EBF93F3D18CCF006F7AD20CF /* [CP] Embed Pods Frameworks */ = {
			isa = PBXShellScriptBuildPhase;
			buildActionMask = 2147483647;
			files = (
			);
			inputFileListPaths = (
				"${PODS_ROOT}/Target Support Files/Pods-SlokinTimer/Pods-SlokinTimer-frameworks-${CONFIGURATION}-input-files.xcfilelist",
			);
			name = "[CP] Embed Pods Frameworks";
			outputFileListPaths = (
				"${PODS_ROOT}/Target Support Files/Pods-SlokinTimer/Pods-SlokinTimer-frameworks-${CONFIGURATION}-output-files.xcfilelist",
			);
			runOnlyForDeploymentPostprocessing = 0;
			shellPath = /bin/sh;
			shellScript = "\"${PODS_ROOT}/Target Support Files/Pods-SlokinTimer/Pods-SlokinTimer-frameworks.sh\"\n";
			showEnvVarsInLog = 0;
		};
/* End PBXShellScriptBuildPhase section */

/* Begin PBXSourcesBuildPhase section */
		E53BD16C26856B43007E3915 /* Sources */ = {
			isa = PBXSourcesBuildPhase;
			buildActionMask = 2147483647;
			files = (
				E5CFC2322688752200F746D5 /* TimerView.swift in Sources */,
				E53BD17626856B43007E3915 /* ContentView.swift in Sources */,
				E53BD17426856B43007E3915 /* SlokinTimerApp.swift in Sources */,
				E5CFC2282688538F00F746D5 /* Footer.swift in Sources */,
				E53BD1A22685E1AD007E3915 /* TimeHolder.swift in Sources */,
			);
			runOnlyForDeploymentPostprocessing = 0;
		};
		E53BD17D26856B44007E3915 /* Sources */ = {
			isa = PBXSourcesBuildPhase;
			buildActionMask = 2147483647;
			files = (
				E53BD18626856B44007E3915 /* SlokinTimerTests.swift in Sources */,
			);
			runOnlyForDeploymentPostprocessing = 0;
		};
		E53BD18826856B44007E3915 /* Sources */ = {
			isa = PBXSourcesBuildPhase;
			buildActionMask = 2147483647;
			files = (
				E53BD19126856B44007E3915 /* SlokinTimerUITests.swift in Sources */,
			);
			runOnlyForDeploymentPostprocessing = 0;
		};
/* End PBXSourcesBuildPhase section */

/* Begin PBXTargetDependency section */
		E53BD18326856B44007E3915 /* PBXTargetDependency */ = {
			isa = PBXTargetDependency;
			target = E53BD16F26856B43007E3915 /* SlokinTimer */;
			targetProxy = E53BD18226856B44007E3915 /* PBXContainerItemProxy */;
		};
		E53BD18E26856B44007E3915 /* PBXTargetDependency */ = {
			isa = PBXTargetDependency;
			target = E53BD16F26856B43007E3915 /* SlokinTimer */;
			targetProxy = E53BD18D26856B44007E3915 /* PBXContainerItemProxy */;
		};
/* End PBXTargetDependency section */

/* Begin XCBuildConfiguration section */
		E53BD19326856B44007E3915 /* Debug */ = {
			isa = XCBuildConfiguration;
			buildSettings = {
				ALWAYS_SEARCH_USER_PATHS = NO;
				CLANG_ANALYZER_NONNULL = YES;
				CLANG_ANALYZER_NUMBER_OBJECT_CONVERSION = YES_AGGRESSIVE;
				CLANG_CXX_LANGUAGE_STANDARD = "gnu++14";
				CLANG_CXX_LIBRARY = "libc++";
				CLANG_ENABLE_MODULES = YES;
				CLANG_ENABLE_OBJC_ARC = YES;
				CLANG_ENABLE_OBJC_WEAK = YES;
				CLANG_WARN_BLOCK_CAPTURE_AUTORELEASING = YES;
				CLANG_WARN_BOOL_CONVERSION = YES;
				CLANG_WARN_COMMA = YES;
				CLANG_WARN_CONSTANT_CONVERSION = YES;
				CLANG_WARN_DEPRECATED_OBJC_IMPLEMENTATIONS = YES;
				CLANG_WARN_DIRECT_OBJC_ISA_USAGE = YES_ERROR;
				CLANG_WARN_DOCUMENTATION_COMMENTS = YES;
				CLANG_WARN_EMPTY_BODY = YES;
				CLANG_WARN_ENUM_CONVERSION = YES;
				CLANG_WARN_INFINITE_RECURSION = YES;
				CLANG_WARN_INT_CONVERSION = YES;
				CLANG_WARN_NON_LITERAL_NULL_CONVERSION = YES;
				CLANG_WARN_OBJC_IMPLICIT_RETAIN_SELF = YES;
				CLANG_WARN_OBJC_LITERAL_CONVERSION = YES;
				CLANG_WARN_OBJC_ROOT_CLASS = YES_ERROR;
				CLANG_WARN_QUOTED_INCLUDE_IN_FRAMEWORK_HEADER = YES;
				CLANG_WARN_RANGE_LOOP_ANALYSIS = YES;
				CLANG_WARN_STRICT_PROTOTYPES = YES;
				CLANG_WARN_SUSPICIOUS_MOVE = YES;
				CLANG_WARN_UNGUARDED_AVAILABILITY = YES_AGGRESSIVE;
				CLANG_WARN_UNREACHABLE_CODE = YES;
				CLANG_WARN__DUPLICATE_METHOD_MATCH = YES;
				COPY_PHASE_STRIP = NO;
				DEBUG_INFORMATION_FORMAT = dwarf;
				ENABLE_STRICT_OBJC_MSGSEND = YES;
				ENABLE_TESTABILITY = YES;
				GCC_C_LANGUAGE_STANDARD = gnu11;
				GCC_DYNAMIC_NO_PIC = NO;
				GCC_NO_COMMON_BLOCKS = YES;
				GCC_OPTIMIZATION_LEVEL = 0;
				GCC_PREPROCESSOR_DEFINITIONS = (
					"DEBUG=1",
					"$(inherited)",
				);
				GCC_WARN_64_TO_32_BIT_CONVERSION = YES;
				GCC_WARN_ABOUT_RETURN_TYPE = YES_ERROR;
				GCC_WARN_UNDECLARED_SELECTOR = YES;
				GCC_WARN_UNINITIALIZED_AUTOS = YES_AGGRESSIVE;
				GCC_WARN_UNUSED_FUNCTION = YES;
				GCC_WARN_UNUSED_VARIABLE = YES;
				IPHONEOS_DEPLOYMENT_TARGET = 14.4;
				MTL_ENABLE_DEBUG_INFO = INCLUDE_SOURCE;
				MTL_FAST_MATH = YES;
				ONLY_ACTIVE_ARCH = YES;
				SDKROOT = iphoneos;
				SWIFT_ACTIVE_COMPILATION_CONDITIONS = DEBUG;
				SWIFT_OPTIMIZATION_LEVEL = "-Onone";
			};
			name = Debug;
		};
		E53BD19426856B44007E3915 /* Release */ = {
			isa = XCBuildConfiguration;
			buildSettings = {
				ALWAYS_SEARCH_USER_PATHS = NO;
				CLANG_ANALYZER_NONNULL = YES;
				CLANG_ANALYZER_NUMBER_OBJECT_CONVERSION = YES_AGGRESSIVE;
				CLANG_CXX_LANGUAGE_STANDARD = "gnu++14";
				CLANG_CXX_LIBRARY = "libc++";
				CLANG_ENABLE_MODULES = YES;
				CLANG_ENABLE_OBJC_ARC = YES;
				CLANG_ENABLE_OBJC_WEAK = YES;
				CLANG_WARN_BLOCK_CAPTURE_AUTORELEASING = YES;
				CLANG_WARN_BOOL_CONVERSION = YES;
				CLANG_WARN_COMMA = YES;
				CLANG_WARN_CONSTANT_CONVERSION = YES;
				CLANG_WARN_DEPRECATED_OBJC_IMPLEMENTATIONS = YES;
				CLANG_WARN_DIRECT_OBJC_ISA_USAGE = YES_ERROR;
				CLANG_WARN_DOCUMENTATION_COMMENTS = YES;
				CLANG_WARN_EMPTY_BODY = YES;
				CLANG_WARN_ENUM_CONVERSION = YES;
				CLANG_WARN_INFINITE_RECURSION = YES;
				CLANG_WARN_INT_CONVERSION = YES;
				CLANG_WARN_NON_LITERAL_NULL_CONVERSION = YES;
				CLANG_WARN_OBJC_IMPLICIT_RETAIN_SELF = YES;
				CLANG_WARN_OBJC_LITERAL_CONVERSION = YES;
				CLANG_WARN_OBJC_ROOT_CLASS = YES_ERROR;
				CLANG_WARN_QUOTED_INCLUDE_IN_FRAMEWORK_HEADER = YES;
				CLANG_WARN_RANGE_LOOP_ANALYSIS = YES;
				CLANG_WARN_STRICT_PROTOTYPES = YES;
				CLANG_WARN_SUSPICIOUS_MOVE = YES;
				CLANG_WARN_UNGUARDED_AVAILABILITY = YES_AGGRESSIVE;
				CLANG_WARN_UNREACHABLE_CODE = YES;
				CLANG_WARN__DUPLICATE_METHOD_MATCH = YES;
				COPY_PHASE_STRIP = NO;
				DEBUG_INFORMATION_FORMAT = "dwarf-with-dsym";
				ENABLE_NS_ASSERTIONS = NO;
				ENABLE_STRICT_OBJC_MSGSEND = YES;
				GCC_C_LANGUAGE_STANDARD = gnu11;
				GCC_NO_COMMON_BLOCKS = YES;
				GCC_WARN_64_TO_32_BIT_CONVERSION = YES;
				GCC_WARN_ABOUT_RETURN_TYPE = YES_ERROR;
				GCC_WARN_UNDECLARED_SELECTOR = YES;
				GCC_WARN_UNINITIALIZED_AUTOS = YES_AGGRESSIVE;
				GCC_WARN_UNUSED_FUNCTION = YES;
				GCC_WARN_UNUSED_VARIABLE = YES;
				IPHONEOS_DEPLOYMENT_TARGET = 14.4;
				MTL_ENABLE_DEBUG_INFO = NO;
				MTL_FAST_MATH = YES;
				SDKROOT = iphoneos;
				SWIFT_COMPILATION_MODE = wholemodule;
				SWIFT_OPTIMIZATION_LEVEL = "-O";
				VALIDATE_PRODUCT = YES;
			};
			name = Release;
		};
		E53BD19626856B44007E3915 /* Debug */ = {
			isa = XCBuildConfiguration;
			baseConfigurationReference = D10E93762254EFD296FCBEBB /* Pods-SlokinTimer.debug.xcconfig */;
			buildSettings = {
				ASSETCATALOG_COMPILER_APPICON_NAME = AppIcon;
				ASSETCATALOG_COMPILER_GLOBAL_ACCENT_COLOR_NAME = AccentColor;
				CODE_SIGN_STYLE = Automatic;
				DEVELOPMENT_ASSET_PATHS = "\"SlokinTimer/Preview Content\"";
				ENABLE_PREVIEWS = YES;
				INFOPLIST_FILE = SlokinTimer/Info.plist;
				IPHONEOS_DEPLOYMENT_TARGET = 14.0;
				LD_RUNPATH_SEARCH_PATHS = (
					"$(inherited)",
					"@executable_path/Frameworks",
				);
				PRODUCT_BUNDLE_IDENTIFIER = "Matsumoto-Shintaro.SlokinTimer";
				PRODUCT_NAME = "$(TARGET_NAME)";
				SWIFT_VERSION = 5.0;
				TARGETED_DEVICE_FAMILY = "1,2";
			};
			name = Debug;
		};
		E53BD19726856B44007E3915 /* Release */ = {
			isa = XCBuildConfiguration;
			baseConfigurationReference = 4530BA6142E08CA3C15A7EBF /* Pods-SlokinTimer.release.xcconfig */;
			buildSettings = {
				ASSETCATALOG_COMPILER_APPICON_NAME = AppIcon;
				ASSETCATALOG_COMPILER_GLOBAL_ACCENT_COLOR_NAME = AccentColor;
				CODE_SIGN_STYLE = Automatic;
				DEVELOPMENT_ASSET_PATHS = "\"SlokinTimer/Preview Content\"";
				ENABLE_PREVIEWS = YES;
				INFOPLIST_FILE = SlokinTimer/Info.plist;
				IPHONEOS_DEPLOYMENT_TARGET = 14.0;
				LD_RUNPATH_SEARCH_PATHS = (
					"$(inherited)",
					"@executable_path/Frameworks",
				);
				PRODUCT_BUNDLE_IDENTIFIER = "Matsumoto-Shintaro.SlokinTimer";
				PRODUCT_NAME = "$(TARGET_NAME)";
				SWIFT_VERSION = 5.0;
				TARGETED_DEVICE_FAMILY = "1,2";
			};
			name = Release;
		};
		E53BD19926856B44007E3915 /* Debug */ = {
			isa = XCBuildConfiguration;
			baseConfigurationReference = 373BBC93AE967C16D5D5B6F7 /* Pods-SlokinTimerTests.debug.xcconfig */;
			buildSettings = {
				ALWAYS_EMBED_SWIFT_STANDARD_LIBRARIES = YES;
				BUNDLE_LOADER = "$(TEST_HOST)";
				CODE_SIGN_STYLE = Automatic;
				INFOPLIST_FILE = SlokinTimerTests/Info.plist;
				IPHONEOS_DEPLOYMENT_TARGET = 14.0;
				LD_RUNPATH_SEARCH_PATHS = (
					"$(inherited)",
					"@executable_path/Frameworks",
					"@loader_path/Frameworks",
				);
				PRODUCT_BUNDLE_IDENTIFIER = "Matsumoto-Shintaro.SlokinTimerTests";
				PRODUCT_NAME = "$(TARGET_NAME)";
				SWIFT_VERSION = 5.0;
				TARGETED_DEVICE_FAMILY = "1,2";
				TEST_HOST = "$(BUILT_PRODUCTS_DIR)/SlokinTimer.app/SlokinTimer";
			};
			name = Debug;
		};
		E53BD19A26856B44007E3915 /* Release */ = {
			isa = XCBuildConfiguration;
			baseConfigurationReference = 2072190127C5E3D7E473C30C /* Pods-SlokinTimerTests.release.xcconfig */;
			buildSettings = {
				ALWAYS_EMBED_SWIFT_STANDARD_LIBRARIES = YES;
				BUNDLE_LOADER = "$(TEST_HOST)";
				CODE_SIGN_STYLE = Automatic;
				INFOPLIST_FILE = SlokinTimerTests/Info.plist;
				IPHONEOS_DEPLOYMENT_TARGET = 14.0;
				LD_RUNPATH_SEARCH_PATHS = (
					"$(inherited)",
					"@executable_path/Frameworks",
					"@loader_path/Frameworks",
				);
				PRODUCT_BUNDLE_IDENTIFIER = "Matsumoto-Shintaro.SlokinTimerTests";
				PRODUCT_NAME = "$(TARGET_NAME)";
				SWIFT_VERSION = 5.0;
				TARGETED_DEVICE_FAMILY = "1,2";
				TEST_HOST = "$(BUILT_PRODUCTS_DIR)/SlokinTimer.app/SlokinTimer";
			};
			name = Release;
		};
		E53BD19C26856B44007E3915 /* Debug */ = {
			isa = XCBuildConfiguration;
			baseConfigurationReference = 95BA407F4D2E85A6A60E246A /* Pods-SlokinTimer-SlokinTimerUITests.debug.xcconfig */;
			buildSettings = {
				ALWAYS_EMBED_SWIFT_STANDARD_LIBRARIES = YES;
				CODE_SIGN_STYLE = Automatic;
				INFOPLIST_FILE = SlokinTimerUITests/Info.plist;
				LD_RUNPATH_SEARCH_PATHS = (
					"$(inherited)",
					"@executable_path/Frameworks",
					"@loader_path/Frameworks",
				);
				PRODUCT_BUNDLE_IDENTIFIER = "Matsumoto-Shintaro.SlokinTimerUITests";
				PRODUCT_NAME = "$(TARGET_NAME)";
				SWIFT_VERSION = 5.0;
				TARGETED_DEVICE_FAMILY = "1,2";
				TEST_TARGET_NAME = SlokinTimer;
			};
			name = Debug;
		};
		E53BD19D26856B44007E3915 /* Release */ = {
			isa = XCBuildConfiguration;
			baseConfigurationReference = 4370991C1A2B9B36C4D418A8 /* Pods-SlokinTimer-SlokinTimerUITests.release.xcconfig */;
			buildSettings = {
				ALWAYS_EMBED_SWIFT_STANDARD_LIBRARIES = YES;
				CODE_SIGN_STYLE = Automatic;
				INFOPLIST_FILE = SlokinTimerUITests/Info.plist;
				LD_RUNPATH_SEARCH_PATHS = (
					"$(inherited)",
					"@executable_path/Frameworks",
					"@loader_path/Frameworks",
				);
				PRODUCT_BUNDLE_IDENTIFIER = "Matsumoto-Shintaro.SlokinTimerUITests";
				PRODUCT_NAME = "$(TARGET_NAME)";
				SWIFT_VERSION = 5.0;
				TARGETED_DEVICE_FAMILY = "1,2";
				TEST_TARGET_NAME = SlokinTimer;
			};
			name = Release;
		};
/* End XCBuildConfiguration section */

/* Begin XCConfigurationList section */
		E53BD16B26856B43007E3915 /* Build configuration list for PBXProject "SlokinTimer" */ = {
			isa = XCConfigurationList;
			buildConfigurations = (
				E53BD19326856B44007E3915 /* Debug */,
				E53BD19426856B44007E3915 /* Release */,
			);
			defaultConfigurationIsVisible = 0;
			defaultConfigurationName = Release;
		};
		E53BD19526856B44007E3915 /* Build configuration list for PBXNativeTarget "SlokinTimer" */ = {
			isa = XCConfigurationList;
			buildConfigurations = (
				E53BD19626856B44007E3915 /* Debug */,
				E53BD19726856B44007E3915 /* Release */,
			);
			defaultConfigurationIsVisible = 0;
			defaultConfigurationName = Release;
		};
		E53BD19826856B44007E3915 /* Build configuration list for PBXNativeTarget "SlokinTimerTests" */ = {
			isa = XCConfigurationList;
			buildConfigurations = (
				E53BD19926856B44007E3915 /* Debug */,
				E53BD19A26856B44007E3915 /* Release */,
			);
			defaultConfigurationIsVisible = 0;
			defaultConfigurationName = Release;
		};
		E53BD19B26856B44007E3915 /* Build configuration list for PBXNativeTarget "SlokinTimerUITests" */ = {
			isa = XCConfigurationList;
			buildConfigurations = (
				E53BD19C26856B44007E3915 /* Debug */,
				E53BD19D26856B44007E3915 /* Release */,
			);
			defaultConfigurationIsVisible = 0;
			defaultConfigurationName = Release;
		};
/* End XCConfigurationList section */
	};
	rootObject = E53BD16826856B43007E3915 /* Project object */;
}
